
Microsoft Visual Studio Solution File, Format Version 12.00
# Visual Studio Version 17
VisualStudioVersion = 17.0.31912.275
MinimumVisualStudioVersion = 10.0.40219.1
Project("{9A19103F-16F7-4668-BE54-9A1E7A4F7556}") = "SchochRechner", "SchochRechner\SchochRechner.csproj", "{ED31C4B3-39E4-42DE-AE18-9F63B99EC98E}"
EndProject
Project("{2150E333-8FDC-42A3-9474-1A3956D46DE8}") = "files", "files", "{25CE7FD3-CECB-4643-8451-FF731FEED4AC}"
	ProjectSection(SolutionItems) = preProject
		docs\_config.yml = docs\_config.yml
		docs\index.md = docs\index.md
		README.md = README.md
	EndProjectSection
EndProject
Global
	GlobalSection(SolutionConfigurationPlatforms) = preSolution
		Debug|Any CPU = Debug|Any CPU
		Release|Any CPU = Release|Any CPU
	EndGlobalSection
	GlobalSection(ProjectConfigurationPlatforms) = postSolution
		{ED31C4B3-39E4-42DE-AE18-9F63B99EC98E}.Debug|Any CPU.ActiveCfg = Debug|Any CPU
		{ED31C4B3-39E4-42DE-AE18-9F63B99EC98E}.Debug|Any CPU.Build.0 = Debug|Any CPU
		{ED31C4B3-39E4-42DE-AE18-9F63B99EC98E}.Release|Any CPU.ActiveCfg = Release|Any CPU
		{ED31C4B3-39E4-42DE-AE18-9F63B99EC98E}.Release|Any CPU.Build.0 = Release|Any CPU
	EndGlobalSection
	GlobalSection(SolutionProperties) = preSolution
		HideSolutionNode = FALSE
	EndGlobalSection
	GlobalSection(ExtensibilityGlobals) = postSolution
		SolutionGuid = {DD37057D-6724-41B1-9B34-FECCB1368B71}
	EndGlobalSection
EndGlobal
